
Microsoft Visual Studio Solution File, Format Version 12.00
# Visual Studio 15
VisualStudioVersion = 15.0.28010.2036
MinimumVisualStudioVersion = 10.0.40219.1
Project("{FAE04EC0-301F-11D3-BF4B-00C04F79EFBC}") = "StringMaxMin", "StringMaxMin\StringMaxMin.csproj", "{1D6649CF-87AC-44E0-8FF1-00EC45B6EAF0}"
EndProject
Global
	GlobalSection(SolutionConfigurationPlatforms) = preSolution
		Debug|Any CPU = Debug|Any CPU
		Release|Any CPU = Release|Any CPU
	EndGlobalSection
	GlobalSection(ProjectConfigurationPlatforms) = postSolution
		{1D6649CF-87AC-44E0-8FF1-00EC45B6EAF0}.Debug|Any CPU.ActiveCfg = Debug|Any CPU
		{1D6649CF-87AC-44E0-8FF1-00EC45B6EAF0}.Debug|Any CPU.Build.0 = Debug|Any CPU
		{1D6649CF-87AC-44E0-8FF1-00EC45B6EAF0}.Release|Any CPU.ActiveCfg = Release|Any CPU
		{1D6649CF-87AC-44E0-8FF1-00EC45B6EAF0}.Release|Any CPU.Build.0 = Release|Any CPU
	EndGlobalSection
	GlobalSection(SolutionProperties) = preSolution
		HideSolutionNode = FALSE
	EndGlobalSection
	GlobalSection(ExtensibilityGlobals) = postSolution
		SolutionGuid = {A6CDA5B0-2DAB-46DC-83CD-3EA32288C108}
	EndGlobalSection
EndGlobal
